// !$*UTF8*$!
{
	archiveVersion = 1;
	classes = {
	};
	objectVersion = 56;
	objects = {

/* Begin PBXBuildFile section */
		517E11BA2B220A5000339709 /* AppDelegate.swift in Sources */ = {isa = PBXBuildFile; fileRef = 517E11B92B220A5000339709 /* AppDelegate.swift */; };
		517E11BC2B220A5000339709 /* SceneDelegate.swift in Sources */ = {isa = PBXBuildFile; fileRef = 517E11BB2B220A5000339709 /* SceneDelegate.swift */; };
		517E11C12B220A5000339709 /* Main.storyboard in Resources */ = {isa = PBXBuildFile; fileRef = 517E11BF2B220A5000339709 /* Main.storyboard */; };
		517E11C32B220A5100339709 /* Assets.xcassets in Resources */ = {isa = PBXBuildFile; fileRef = 517E11C22B220A5100339709 /* Assets.xcassets */; };
		517E11CF2B220A9800339709 /* SleepingViewController.swift in Sources */ = {isa = PBXBuildFile; fileRef = 517E11CD2B220A9800339709 /* SleepingViewController.swift */; };
		517E11D02B220A9800339709 /* SetViewController.swift in Sources */ = {isa = PBXBuildFile; fileRef = 517E11CE2B220A9800339709 /* SetViewController.swift */; };
		517E11D32B220AA600339709 /* CurrentTime.swift in Sources */ = {isa = PBXBuildFile; fileRef = 517E11D12B220AA600339709 /* CurrentTime.swift */; };
		517E11D42B220AA600339709 /* Alarm.swift in Sources */ = {isa = PBXBuildFile; fileRef = 517E11D22B220AA600339709 /* Alarm.swift */; };
		518F7C022B2D53E2008D52D7 /* alarm.mp3 in Resources */ = {isa = PBXBuildFile; fileRef = 518F7C012B2D53E2008D52D7 /* alarm.mp3 */; };
		518FB4562B84B81D0009E6A1 /* ChooseViewController.swift in Sources */ = {isa = PBXBuildFile; fileRef = 518FB4552B84B81D0009E6A1 /* ChooseViewController.swift */; };
		51AB9E8D2B5FC2F7003FE35F /* addButton.swift in Sources */ = {isa = PBXBuildFile; fileRef = 51AB9E8C2B5FC2F7003FE35F /* addButton.swift */; };
/* End PBXBuildFile section */

/* Begin PBXFileReference section */
		517E11B62B220A5000339709 /* alarm2.app */ = {isa = PBXFileReference; explicitFileType = wrapper.application; includeInIndex = 0; path = alarm2.app; sourceTree = BUILT_PRODUCTS_DIR; };
		517E11B92B220A5000339709 /* AppDelegate.swift */ = {isa = PBXFileReference; lastKnownFileType = sourcecode.swift; path = AppDelegate.swift; sourceTree = "<group>"; };
		517E11BB2B220A5000339709 /* SceneDelegate.swift */ = {isa = PBXFileReference; lastKnownFileType = sourcecode.swift; path = SceneDelegate.swift; sourceTree = "<group>"; };
		517E11C02B220A5000339709 /* Base */ = {isa = PBXFileReference; lastKnownFileType = file.storyboard; name = Base; path = Base.lproj/Main.storyboard; sourceTree = "<group>"; };
		517E11C22B220A5100339709 /* Assets.xcassets */ = {isa = PBXFileReference; lastKnownFileType = folder.assetcatalog; path = Assets.xcassets; sourceTree = "<group>"; };
		517E11C72B220A5100339709 /* Info.plist */ = {isa = PBXFileReference; lastKnownFileType = text.plist.xml; path = Info.plist; sourceTree = "<group>"; };
		517E11CD2B220A9800339709 /* SleepingViewController.swift */ = {isa = PBXFileReference; fileEncoding = 4; lastKnownFileType = sourcecode.swift; path = SleepingViewController.swift; sourceTree = "<group>"; };
		517E11CE2B220A9800339709 /* SetViewController.swift */ = {isa = PBXFileReference; fileEncoding = 4; lastKnownFileType = sourcecode.swift; path = SetViewController.swift; sourceTree = "<group>"; };
		517E11D12B220AA600339709 /* CurrentTime.swift */ = {isa = PBXFileReference; fileEncoding = 4; lastKnownFileType = sourcecode.swift; path = CurrentTime.swift; sourceTree = "<group>"; };
		517E11D22B220AA600339709 /* Alarm.swift */ = {isa = PBXFileReference; fileEncoding = 4; lastKnownFileType = sourcecode.swift; path = Alarm.swift; sourceTree = "<group>"; };
		518F7C012B2D53E2008D52D7 /* alarm.mp3 */ = {isa = PBXFileReference; lastKnownFileType = audio.mp3; path = alarm.mp3; sourceTree = "<group>"; };
		518FB4552B84B81D0009E6A1 /* ChooseViewController.swift */ = {isa = PBXFileReference; lastKnownFileType = sourcecode.swift; path = ChooseViewController.swift; sourceTree = "<group>"; };
		51AB9E8C2B5FC2F7003FE35F /* addButton.swift */ = {isa = PBXFileReference; lastKnownFileType = sourcecode.swift; path = addButton.swift; sourceTree = "<group>"; };
/* End PBXFileReference section */

/* Begin PBXFrameworksBuildPhase section */
		517E11B32B220A5000339709 /* Frameworks */ = {
			isa = PBXFrameworksBuildPhase;
			buildActionMask = 2147483647;
			files = (
			);
			runOnlyForDeploymentPostprocessing = 0;
		};
/* End PBXFrameworksBuildPhase section */

/* Begin PBXGroup section */
		517E11AD2B220A5000339709 = {
			isa = PBXGroup;
			children = (
				517E11B82B220A5000339709 /* alarm2 */,
				517E11B72B220A5000339709 /* Products */,
			);
			sourceTree = "<group>";
		};
		517E11B72B220A5000339709 /* Products */ = {
			isa = PBXGroup;
			children = (
				517E11B62B220A5000339709 /* alarm2.app */,
			);
			name = Products;
			sourceTree = "<group>";
		};
		517E11B82B220A5000339709 /* alarm2 */ = {
			isa = PBXGroup;
			children = (
				517E11BF2B220A5000339709 /* Main.storyboard */,
				517E11B92B220A5000339709 /* AppDelegate.swift */,
				517E11BB2B220A5000339709 /* SceneDelegate.swift */,
				517E11C22B220A5100339709 /* Assets.xcassets */,
				517E11C72B220A5100339709 /* Info.plist */,
				517E11CE2B220A9800339709 /* SetViewController.swift */,
				517E11CD2B220A9800339709 /* SleepingViewController.swift */,
				518FB4552B84B81D0009E6A1 /* ChooseViewController.swift */,
				517E11D22B220AA600339709 /* Alarm.swift */,
				517E11D12B220AA600339709 /* CurrentTime.swift */,
				518F7C012B2D53E2008D52D7 /* alarm.mp3 */,
				51AB9E8C2B5FC2F7003FE35F /* addButton.swift */,
			);
			path = alarm2;
			sourceTree = "<group>";
		};
/* End PBXGroup section */

/* Begin PBXNativeTarget section */
		517E11B52B220A5000339709 /* alarm2 */ = {
			isa = PBXNativeTarget;
			buildConfigurationList = 517E11CA2B220A5100339709 /* Build configuration list for PBXNativeTarget "alarm2" */;
			buildPhases = (
				517E11B22B220A5000339709 /* Sources */,
				517E11B32B220A5000339709 /* Frameworks */,
				517E11B42B220A5000339709 /* Resources */,
			);
			buildRules = (
			);
			dependencies = (
			);
			name = alarm2;
			productName = alarm2;
			productReference = 517E11B62B220A5000339709 /* alarm2.app */;
			productType = "com.apple.product-type.application";
		};
/* End PBXNativeTarget section */

/* Begin PBXProject section */
		517E11AE2B220A5000339709 /* Project object */ = {
			isa = PBXProject;
			attributes = {
				BuildIndependentTargetsInParallel = 1;
				LastSwiftUpdateCheck = 1500;
				LastUpgradeCheck = 1500;
				TargetAttributes = {
					517E11B52B220A5000339709 = {
						CreatedOnToolsVersion = 15.0.1;
					};
				};
			};
			buildConfigurationList = 517E11B12B220A5000339709 /* Build configuration list for PBXProject "alarm2" */;
			compatibilityVersion = "Xcode 14.0";
			developmentRegion = en;
			hasScannedForEncodings = 0;
			knownRegions = (
				en,
				Base,
			);
			mainGroup = 517E11AD2B220A5000339709;
			productRefGroup = 517E11B72B220A5000339709 /* Products */;
			projectDirPath = "";
			projectRoot = "";
			targets = (
				517E11B52B220A5000339709 /* alarm2 */,
			);
		};
/* End PBXProject section */

/* Begin PBXResourcesBuildPhase section */
		517E11B42B220A5000339709 /* Resources */ = {
			isa = PBXResourcesBuildPhase;
			buildActionMask = 2147483647;
			files = (
				517E11C32B220A5100339709 /* Assets.xcassets in Resources */,
				517E11C12B220A5000339709 /* Main.storyboard in Resources */,
				518F7C022B2D53E2008D52D7 /* alarm.mp3 in Resources */,
			);
			runOnlyForDeploymentPostprocessing = 0;
		};
/* End PBXResourcesBuildPhase section */

/* Begin PBXSourcesBuildPhase section */
		517E11B22B220A5000339709 /* Sources */ = {
			isa = PBXSourcesBuildPhase;
			buildActionMask = 2147483647;
			files = (
				51AB9E8D2B5FC2F7003FE35F /* addButton.swift in Sources */,
				517E11D32B220AA600339709 /* CurrentTime.swift in Sources */,
				517E11CF2B220A9800339709 /* SleepingViewController.swift in Sources */,
				517E11D02B220A9800339709 /* SetViewController.swift in Sources */,
				517E11BA2B220A5000339709 /* AppDelegate.swift in Sources */,
				518FB4562B84B81D0009E6A1 /* ChooseViewController.swift in Sources */,
				517E11BC2B220A5000339709 /* SceneDelegate.swift in Sources */,
				517E11D42B220AA600339709 /* Alarm.swift in Sources */,
			);
			runOnlyForDeploymentPostprocessing = 0;
		};
/* End PBXSourcesBuildPhase section */

/* Begin PBXVariantGroup section */
		517E11BF2B220A5000339709 /* Main.storyboard */ = {
			isa = PBXVariantGroup;
			children = (
				517E11C02B220A5000339709 /* Base */,
			);
			name = Main.storyboard;
			sourceTree = "<group>";
		};
/* End PBXVariantGroup section */

/* Begin XCBuildConfiguration section */
		517E11C82B220A5100339709 /* Debug */ = {
			isa = XCBuildConfiguration;
			buildSettings = {
				ALWAYS_SEARCH_USER_PATHS = NO;
				ASSETCATALOG_COMPILER_GENERATE_SWIFT_ASSET_SYMBOL_EXTENSIONS = YES;
				CLANG_ANALYZER_NONNULL = YES;
				CLANG_ANALYZER_NUMBER_OBJECT_CONVERSION = YES_AGGRESSIVE;
				CLANG_CXX_LANGUAGE_STANDARD = "gnu++20";
				CLANG_ENABLE_MODULES = YES;
				CLANG_ENABLE_OBJC_ARC = YES;
				CLANG_ENABLE_OBJC_WEAK = YES;
				CLANG_WARN_BLOCK_CAPTURE_AUTORELEASING = YES;
				CLANG_WARN_BOOL_CONVERSION = YES;
				CLANG_WARN_COMMA = YES;
				CLANG_WARN_CONSTANT_CONVERSION = YES;
				CLANG_WARN_DEPRECATED_OBJC_IMPLEMENTATIONS = YES;
				CLANG_WARN_DIRECT_OBJC_ISA_USAGE = YES_ERROR;
				CLANG_WARN_DOCUMENTATION_COMMENTS = YES;
				CLANG_WARN_EMPTY_BODY = YES;
				CLANG_WARN_ENUM_CONVERSION = YES;
				CLANG_WARN_INFINITE_RECURSION = YES;
				CLANG_WARN_INT_CONVERSION = YES;
				CLANG_WARN_NON_LITERAL_NULL_CONVERSION = YES;
				CLANG_WARN_OBJC_IMPLICIT_RETAIN_SELF = YES;
				CLANG_WARN_OBJC_LITERAL_CONVERSION = YES;
				CLANG_WARN_OBJC_ROOT_CLASS = YES_ERROR;
				CLANG_WARN_QUOTED_INCLUDE_IN_FRAMEWORK_HEADER = YES;
				CLANG_WARN_RANGE_LOOP_ANALYSIS = YES;
				CLANG_WARN_STRICT_PROTOTYPES = YES;
				CLANG_WARN_SUSPICIOUS_MOVE = YES;
				CLANG_WARN_UNGUARDED_AVAILABILITY = YES_AGGRESSIVE;
				CLANG_WARN_UNREACHABLE_CODE = YES;
				CLANG_WARN__DUPLICATE_METHOD_MATCH = YES;
				COPY_PHASE_STRIP = NO;
				DEBUG_INFORMATION_FORMAT = dwarf;
				ENABLE_STRICT_OBJC_MSGSEND = YES;
				ENABLE_TESTABILITY = YES;
				ENABLE_USER_SCRIPT_SANDBOXING = YES;
				GCC_C_LANGUAGE_STANDARD = gnu17;
				GCC_DYNAMIC_NO_PIC = NO;
				GCC_NO_COMMON_BLOCKS = YES;
				GCC_OPTIMIZATION_LEVEL = 0;
				GCC_PREPROCESSOR_DEFINITIONS = (
					"DEBUG=1",
					"$(inherited)",
				);
				GCC_WARN_64_TO_32_BIT_CONVERSION = YES;
				GCC_WARN_ABOUT_RETURN_TYPE = YES_ERROR;
				GCC_WARN_UNDECLARED_SELECTOR = YES;
				GCC_WARN_UNINITIALIZED_AUTOS = YES_AGGRESSIVE;
				GCC_WARN_UNUSED_FUNCTION = YES;
				GCC_WARN_UNUSED_VARIABLE = YES;
				IPHONEOS_DEPLOYMENT_TARGET = 17.0;
				LOCALIZATION_PREFERS_STRING_CATALOGS = YES;
				MTL_ENABLE_DEBUG_INFO = INCLUDE_SOURCE;
				MTL_FAST_MATH = YES;
				ONLY_ACTIVE_ARCH = YES;
				SDKROOT = iphoneos;
				SWIFT_ACTIVE_COMPILATION_CONDITIONS = "DEBUG $(inherited)";
				SWIFT_OPTIMIZATION_LEVEL = "-Onone";
			};
			name = Debug;
		};
		517E11C92B220A5100339709 /* Release */ = {
			isa = XCBuildConfiguration;
			buildSettings = {
				ALWAYS_SEARCH_USER_PATHS = NO;
				ASSETCATALOG_COMPILER_GENERATE_SWIFT_ASSET_SYMBOL_EXTENSIONS = YES;
				CLANG_ANALYZER_NONNULL = YES;
				CLANG_ANALYZER_NUMBER_OBJECT_CONVERSION = YES_AGGRESSIVE;
				CLANG_CXX_LANGUAGE_STANDARD = "gnu++20";
				CLANG_ENABLE_MODULES = YES;
				CLANG_ENABLE_OBJC_ARC = YES;
				CLANG_ENABLE_OBJC_WEAK = YES;
				CLANG_WARN_BLOCK_CAPTURE_AUTORELEASING = YES;
				CLANG_WARN_BOOL_CONVERSION = YES;
				CLANG_WARN_COMMA = YES;
				CLANG_WARN_CONSTANT_CONVERSION = YES;
				CLANG_WARN_DEPRECATED_OBJC_IMPLEMENTATIONS = YES;
				CLANG_WARN_DIRECT_OBJC_ISA_USAGE = YES_ERROR;
				CLANG_WARN_DOCUMENTATION_COMMENTS = YES;
				CLANG_WARN_EMPTY_BODY = YES;
				CLANG_WARN_ENUM_CONVERSION = YES;
				CLANG_WARN_INFINITE_RECURSION = YES;
				CLANG_WARN_INT_CONVERSION = YES;
				CLANG_WARN_NON_LITERAL_NULL_CONVERSION = YES;
				CLANG_WARN_OBJC_IMPLICIT_RETAIN_SELF = YES;
				CLANG_WARN_OBJC_LITERAL_CONVERSION = YES;
				CLANG_WARN_OBJC_ROOT_CLASS = YES_ERROR;
				CLANG_WARN_QUOTED_INCLUDE_IN_FRAMEWORK_HEADER = YES;
				CLANG_WARN_RANGE_LOOP_ANALYSIS = YES;
				CLANG_WARN_STRICT_PROTOTYPES = YES;
				CLANG_WARN_SUSPICIOUS_MOVE = YES;
				CLANG_WARN_UNGUARDED_AVAILABILITY = YES_AGGRESSIVE;
				CLANG_WARN_UNREACHABLE_CODE = YES;
				CLANG_WARN__DUPLICATE_METHOD_MATCH = YES;
				COPY_PHASE_STRIP = NO;
				DEBUG_INFORMATION_FORMAT = "dwarf-with-dsym";
				ENABLE_NS_ASSERTIONS = NO;
				ENABLE_STRICT_OBJC_MSGSEND = YES;
				ENABLE_USER_SCRIPT_SANDBOXING = YES;
				GCC_C_LANGUAGE_STANDARD = gnu17;
				GCC_NO_COMMON_BLOCKS = YES;
				GCC_WARN_64_TO_32_BIT_CONVERSION = YES;
				GCC_WARN_ABOUT_RETURN_TYPE = YES_ERROR;
				GCC_WARN_UNDECLARED_SELECTOR = YES;
				GCC_WARN_UNINITIALIZED_AUTOS = YES_AGGRESSIVE;
				GCC_WARN_UNUSED_FUNCTION = YES;
				GCC_WARN_UNUSED_VARIABLE = YES;
				IPHONEOS_DEPLOYMENT_TARGET = 17.0;
				LOCALIZATION_PREFERS_STRING_CATALOGS = YES;
				MTL_ENABLE_DEBUG_INFO = NO;
				MTL_FAST_MATH = YES;
				SDKROOT = iphoneos;
				SWIFT_COMPILATION_MODE = wholemodule;
				VALIDATE_PRODUCT = YES;
			};
			name = Release;
		};
		517E11CB2B220A5100339709 /* Debug */ = {
			isa = XCBuildConfiguration;
			buildSettings = {
				ASSETCATALOG_COMPILER_APPICON_NAME = AppIcon;
				ASSETCATALOG_COMPILER_GLOBAL_ACCENT_COLOR_NAME = AccentColor;
				CODE_SIGN_STYLE = Automatic;
				CURRENT_PROJECT_VERSION = 1;
				DEVELOPMENT_TEAM = 6KG7738D3S;
				GENERATE_INFOPLIST_FILE = YES;
				INFOPLIST_FILE = alarm2/Info.plist;
				INFOPLIST_KEY_UIApplicationSupportsIndirectInputEvents = YES;
				INFOPLIST_KEY_UILaunchStoryboardName = LaunchScreen;
				INFOPLIST_KEY_UIMainStoryboardFile = Main;
				INFOPLIST_KEY_UISupportedInterfaceOrientations_iPad = "UIInterfaceOrientationPortrait UIInterfaceOrientationPortraitUpsideDown UIInterfaceOrientationLandscapeLeft UIInterfaceOrientationLandscapeRight";
				INFOPLIST_KEY_UISupportedInterfaceOrientations_iPhone = "UIInterfaceOrientationPortrait UIInterfaceOrientationLandscapeLeft UIInterfaceOrientationLandscapeRight";
				LD_RUNPATH_SEARCH_PATHS = (
					"$(inherited)",
					"@executable_path/Frameworks",
				);
				MARKETING_VERSION = 1.0;
				PRODUCT_BUNDLE_IDENTIFIER = app.furuta.sena.alarm2;
				PRODUCT_NAME = "$(TARGET_NAME)";
				SWIFT_EMIT_LOC_STRINGS = YES;
				SWIFT_VERSION = 5.0;
				TARGETED_DEVICE_FAMILY = "1,2";
			};
			name = Debug;
		};
		517E11CC2B220A5100339709 /* Release */ = {
			isa = XCBuildConfiguration;
			buildSettings = {
				ASSETCATALOG_COMPILER_APPICON_NAME = AppIcon;
				ASSETCATALOG_COMPILER_GLOBAL_ACCENT_COLOR_NAME = AccentColor;
				CODE_SIGN_STYLE = Automatic;
				CURRENT_PROJECT_VERSION = 1;
				DEVELOPMENT_TEAM = 6KG7738D3S;
				GENERATE_INFOPLIST_FILE = YES;
				INFOPLIST_FILE = alarm2/Info.plist;
				INFOPLIST_KEY_UIApplicationSupportsIndirectInputEvents = YES;
				INFOPLIST_KEY_UILaunchStoryboardName = LaunchScreen;
				INFOPLIST_KEY_UIMainStoryboardFile = Main;
				INFOPLIST_KEY_UISupportedInterfaceOrientations_iPad = "UIInterfaceOrientationPortrait UIInterfaceOrientationPortraitUpsideDown UIInterfaceOrientationLandscapeLeft UIInterfaceOrientationLandscapeRight";
				INFOPLIST_KEY_UISupportedInterfaceOrientations_iPhone = "UIInterfaceOrientationPortrait UIInterfaceOrientationLandscapeLeft UIInterfaceOrientationLandscapeRight";
				LD_RUNPATH_SEARCH_PATHS = (
					"$(inherited)",
					"@executable_path/Frameworks",
				);
				MARKETING_VERSION = 1.0;
				PRODUCT_BUNDLE_IDENTIFIER = app.furuta.sena.alarm2;
				PRODUCT_NAME = "$(TARGET_NAME)";
				SWIFT_EMIT_LOC_STRINGS = YES;
				SWIFT_VERSION = 5.0;
				TARGETED_DEVICE_FAMILY = "1,2";
			};
			name = Release;
		};
/* End XCBuildConfiguration section */

/* Begin XCConfigurationList section */
		517E11B12B220A5000339709 /* Build configuration list for PBXProject "alarm2" */ = {
			isa = XCConfigurationList;
			buildConfigurations = (
				517E11C82B220A5100339709 /* Debug */,
				517E11C92B220A5100339709 /* Release */,
			);
			defaultConfigurationIsVisible = 0;
			defaultConfigurationName = Release;
		};
		517E11CA2B220A5100339709 /* Build configuration list for PBXNativeTarget "alarm2" */ = {
			isa = XCConfigurationList;
			buildConfigurations = (
				517E11CB2B220A5100339709 /* Debug */,
				517E11CC2B220A5100339709 /* Release */,
			);
			defaultConfigurationIsVisible = 0;
			defaultConfigurationName = Release;
		};
/* End XCConfigurationList section */
	};
	rootObject = 517E11AE2B220A5000339709 /* Project object */;
}
